
Microsoft Visual Studio Solution File, Format Version 12.00
# Visual Studio 14
VisualStudioVersion = 14.0.25420.1
MinimumVisualStudioVersion = 10.0.40219.1
Project("{FAE04EC0-301F-11D3-BF4B-00C04F79EFBC}") = "StrategyPattern", "StrategyPattern\StrategyPattern.csproj", "{81FCA03D-C305-4CC9-9364-6E6E7A45CA82}"
EndProject
Project("{FAE04EC0-301F-11D3-BF4B-00C04F79EFBC}") = "ObserverPattern", "ObserverPattern\ObserverPattern.csproj", "{4BCA3CCB-FBA7-4524-A5DA-4BE8EC8DCD36}"
EndProject
Project("{FAE04EC0-301F-11D3-BF4B-00C04F79EFBC}") = "DecorationPattern", "DecorationPattern\DecorationPattern.csproj", "{F5DC8464-E5FB-4EB6-A90D-5B126E543629}"
EndProject
Project("{FAE04EC0-301F-11D3-BF4B-00C04F79EFBC}") = "FactoryPattern", "FactoryPattern\FactoryPattern.csproj", "{DE06E13C-9F42-4CE2-AE39-C2D5C9F7A738}"
EndProject
Project("{FAE04EC0-301F-11D3-BF4B-00C04F79EFBC}") = "SingletonPattern", "SingletonPattern\SingletonPattern.csproj", "{03A25A53-ED10-4575-B53B-A29815F2E3C7}"
EndProject
Project("{FAE04EC0-301F-11D3-BF4B-00C04F79EFBC}") = "CommandPattern", "CommandPattern\CommandPattern.csproj", "{526E74AF-CC0B-4DB2-97B7-E1D60AD96618}"
EndProject
Project("{FAE04EC0-301F-11D3-BF4B-00C04F79EFBC}") = "AdaptorPattern", "AdaptorPattern\AdaptorPattern.csproj", "{48138614-6CDB-420A-A5DC-C5C644C63D92}"
EndProject
Project("{FAE04EC0-301F-11D3-BF4B-00C04F79EFBC}") = "FacadePattern", "FacadePattern\FacadePattern.csproj", "{C8C10800-2DA8-45ED-8F5C-397E1BDCD4F9}"
EndProject
Project("{FAE04EC0-301F-11D3-BF4B-00C04F79EFBC}") = "TemplateMathodPattern", "TemplateMathodPattern\TemplateMathodPattern.csproj", "{E8E41252-A541-4464-B237-53FD7A958D09}"
EndProject
Project("{FAE04EC0-301F-11D3-BF4B-00C04F79EFBC}") = "IteratorPattern", "Iterator Pattern\IteratorPattern.csproj", "{7336AFAF-F64F-40E7-8E9B-7D4E4F6FDCEA}"
EndProject
Project("{FAE04EC0-301F-11D3-BF4B-00C04F79EFBC}") = "CompositePattern", "CompositePattern\CompositePattern.csproj", "{1210E2D6-E642-435A-B9D4-5024D69C65DE}"
EndProject
Project("{FAE04EC0-301F-11D3-BF4B-00C04F79EFBC}") = "StatePattern", "StatePattern\StatePattern.csproj", "{9A61C8A5-BEFE-4999-A9D8-0105919EB7A3}"
EndProject
Project("{FAE04EC0-301F-11D3-BF4B-00C04F79EFBC}") = "ProxyPattern", "ProxyPattern\ProxyPattern.csproj", "{9CE2879C-A50D-4086-A1D3-18BFC65569E5}"
EndProject
Project("{FAE04EC0-301F-11D3-BF4B-00C04F79EFBC}") = "CompoundPattern", "CompoundPattern\CompoundPattern.csproj", "{7F666371-2CFD-4DC2-8107-51D649C448FC}"
EndProject
Global
	GlobalSection(SolutionConfigurationPlatforms) = preSolution
		Debug|Any CPU = Debug|Any CPU
		Release|Any CPU = Release|Any CPU
	EndGlobalSection
	GlobalSection(ProjectConfigurationPlatforms) = postSolution
		{81FCA03D-C305-4CC9-9364-6E6E7A45CA82}.Debug|Any CPU.ActiveCfg = Debug|Any CPU
		{81FCA03D-C305-4CC9-9364-6E6E7A45CA82}.Debug|Any CPU.Build.0 = Debug|Any CPU
		{81FCA03D-C305-4CC9-9364-6E6E7A45CA82}.Release|Any CPU.ActiveCfg = Release|Any CPU
		{81FCA03D-C305-4CC9-9364-6E6E7A45CA82}.Release|Any CPU.Build.0 = Release|Any CPU
		{4BCA3CCB-FBA7-4524-A5DA-4BE8EC8DCD36}.Debug|Any CPU.ActiveCfg = Debug|Any CPU
		{4BCA3CCB-FBA7-4524-A5DA-4BE8EC8DCD36}.Debug|Any CPU.Build.0 = Debug|Any CPU
		{4BCA3CCB-FBA7-4524-A5DA-4BE8EC8DCD36}.Release|Any CPU.ActiveCfg = Release|Any CPU
		{4BCA3CCB-FBA7-4524-A5DA-4BE8EC8DCD36}.Release|Any CPU.Build.0 = Release|Any CPU
		{F5DC8464-E5FB-4EB6-A90D-5B126E543629}.Debug|Any CPU.ActiveCfg = Debug|Any CPU
		{F5DC8464-E5FB-4EB6-A90D-5B126E543629}.Debug|Any CPU.Build.0 = Debug|Any CPU
		{F5DC8464-E5FB-4EB6-A90D-5B126E543629}.Release|Any CPU.ActiveCfg = Release|Any CPU
		{F5DC8464-E5FB-4EB6-A90D-5B126E543629}.Release|Any CPU.Build.0 = Release|Any CPU
		{DE06E13C-9F42-4CE2-AE39-C2D5C9F7A738}.Debug|Any CPU.ActiveCfg = Debug|Any CPU
		{DE06E13C-9F42-4CE2-AE39-C2D5C9F7A738}.Debug|Any CPU.Build.0 = Debug|Any CPU
		{DE06E13C-9F42-4CE2-AE39-C2D5C9F7A738}.Release|Any CPU.ActiveCfg = Release|Any CPU
		{DE06E13C-9F42-4CE2-AE39-C2D5C9F7A738}.Release|Any CPU.Build.0 = Release|Any CPU
		{03A25A53-ED10-4575-B53B-A29815F2E3C7}.Debug|Any CPU.ActiveCfg = Debug|Any CPU
		{03A25A53-ED10-4575-B53B-A29815F2E3C7}.Debug|Any CPU.Build.0 = Debug|Any CPU
		{03A25A53-ED10-4575-B53B-A29815F2E3C7}.Release|Any CPU.ActiveCfg = Release|Any CPU
		{03A25A53-ED10-4575-B53B-A29815F2E3C7}.Release|Any CPU.Build.0 = Release|Any CPU
		{526E74AF-CC0B-4DB2-97B7-E1D60AD96618}.Debug|Any CPU.ActiveCfg = Debug|Any CPU
		{526E74AF-CC0B-4DB2-97B7-E1D60AD96618}.Debug|Any CPU.Build.0 = Debug|Any CPU
		{526E74AF-CC0B-4DB2-97B7-E1D60AD96618}.Release|Any CPU.ActiveCfg = Release|Any CPU
		{526E74AF-CC0B-4DB2-97B7-E1D60AD96618}.Release|Any CPU.Build.0 = Release|Any CPU
		{48138614-6CDB-420A-A5DC-C5C644C63D92}.Debug|Any CPU.ActiveCfg = Debug|Any CPU
		{48138614-6CDB-420A-A5DC-C5C644C63D92}.Debug|Any CPU.Build.0 = Debug|Any CPU
		{48138614-6CDB-420A-A5DC-C5C644C63D92}.Release|Any CPU.ActiveCfg = Release|Any CPU
		{48138614-6CDB-420A-A5DC-C5C644C63D92}.Release|Any CPU.Build.0 = Release|Any CPU
		{C8C10800-2DA8-45ED-8F5C-397E1BDCD4F9}.Debug|Any CPU.ActiveCfg = Debug|Any CPU
		{C8C10800-2DA8-45ED-8F5C-397E1BDCD4F9}.Debug|Any CPU.Build.0 = Debug|Any CPU
		{C8C10800-2DA8-45ED-8F5C-397E1BDCD4F9}.Release|Any CPU.ActiveCfg = Release|Any CPU
		{C8C10800-2DA8-45ED-8F5C-397E1BDCD4F9}.Release|Any CPU.Build.0 = Release|Any CPU
		{E8E41252-A541-4464-B237-53FD7A958D09}.Debug|Any CPU.ActiveCfg = Debug|Any CPU
		{E8E41252-A541-4464-B237-53FD7A958D09}.Debug|Any CPU.Build.0 = Debug|Any CPU
		{E8E41252-A541-4464-B237-53FD7A958D09}.Release|Any CPU.ActiveCfg = Release|Any CPU
		{E8E41252-A541-4464-B237-53FD7A958D09}.Release|Any CPU.Build.0 = Release|Any CPU
		{7336AFAF-F64F-40E7-8E9B-7D4E4F6FDCEA}.Debug|Any CPU.ActiveCfg = Debug|Any CPU
		{7336AFAF-F64F-40E7-8E9B-7D4E4F6FDCEA}.Debug|Any CPU.Build.0 = Debug|Any CPU
		{7336AFAF-F64F-40E7-8E9B-7D4E4F6FDCEA}.Release|Any CPU.ActiveCfg = Release|Any CPU
		{7336AFAF-F64F-40E7-8E9B-7D4E4F6FDCEA}.Release|Any CPU.Build.0 = Release|Any CPU
		{1210E2D6-E642-435A-B9D4-5024D69C65DE}.Debug|Any CPU.ActiveCfg = Debug|Any CPU
		{1210E2D6-E642-435A-B9D4-5024D69C65DE}.Debug|Any CPU.Build.0 = Debug|Any CPU
		{1210E2D6-E642-435A-B9D4-5024D69C65DE}.Release|Any CPU.ActiveCfg = Release|Any CPU
		{1210E2D6-E642-435A-B9D4-5024D69C65DE}.Release|Any CPU.Build.0 = Release|Any CPU
		{9A61C8A5-BEFE-4999-A9D8-0105919EB7A3}.Debug|Any CPU.ActiveCfg = Debug|Any CPU
		{9A61C8A5-BEFE-4999-A9D8-0105919EB7A3}.Debug|Any CPU.Build.0 = Debug|Any CPU
		{9A61C8A5-BEFE-4999-A9D8-0105919EB7A3}.Release|Any CPU.ActiveCfg = Release|Any CPU
		{9A61C8A5-BEFE-4999-A9D8-0105919EB7A3}.Release|Any CPU.Build.0 = Release|Any CPU
		{9CE2879C-A50D-4086-A1D3-18BFC65569E5}.Debug|Any CPU.ActiveCfg = Debug|Any CPU
		{9CE2879C-A50D-4086-A1D3-18BFC65569E5}.Debug|Any CPU.Build.0 = Debug|Any CPU
		{9CE2879C-A50D-4086-A1D3-18BFC65569E5}.Release|Any CPU.ActiveCfg = Release|Any CPU
		{9CE2879C-A50D-4086-A1D3-18BFC65569E5}.Release|Any CPU.Build.0 = Release|Any CPU
		{7F666371-2CFD-4DC2-8107-51D649C448FC}.Debug|Any CPU.ActiveCfg = Debug|Any CPU
		{7F666371-2CFD-4DC2-8107-51D649C448FC}.Debug|Any CPU.Build.0 = Debug|Any CPU
		{7F666371-2CFD-4DC2-8107-51D649C448FC}.Release|Any CPU.ActiveCfg = Release|Any CPU
		{7F666371-2CFD-4DC2-8107-51D649C448FC}.Release|Any CPU.Build.0 = Release|Any CPU
	EndGlobalSection
	GlobalSection(SolutionProperties) = preSolution
		HideSolutionNode = FALSE
	EndGlobalSection
EndGlobal
